
Microsoft Visual Studio Solution File, Format Version 12.00
# Visual Studio Version 16
VisualStudioVersion = 16.0.31515.178
MinimumVisualStudioVersion = 10.0.40219.1
Project("{FAE04EC0-301F-11D3-BF4B-00C04F79EFBC}") = "WebApplication4", "WebApplication4.csproj", "{C000F63F-FCCC-4667-99BE-BEF8097FD99D}"
EndProject
Project("{FAE04EC0-301F-11D3-BF4B-00C04F79EFBC}") = "ConsoleApp5", "..\ConsoleApp5\ConsoleApp5.csproj", "{51308001-1304-4615-9090-6A49F21ECEA1}"
EndProject
Global
	GlobalSection(SolutionConfigurationPlatforms) = preSolution
		Debug|Any CPU = Debug|Any CPU
		Release|Any CPU = Release|Any CPU
	EndGlobalSection
	GlobalSection(ProjectConfigurationPlatforms) = postSolution
		{C000F63F-FCCC-4667-99BE-BEF8097FD99D}.Debug|Any CPU.ActiveCfg = Debug|Any CPU
		{C000F63F-FCCC-4667-99BE-BEF8097FD99D}.Debug|Any CPU.Build.0 = Debug|Any CPU
		{C000F63F-FCCC-4667-99BE-BEF8097FD99D}.Release|Any CPU.ActiveCfg = Release|Any CPU
		{C000F63F-FCCC-4667-99BE-BEF8097FD99D}.Release|Any CPU.Build.0 = Release|Any CPU
		{51308001-1304-4615-9090-6A49F21ECEA1}.Debug|Any CPU.ActiveCfg = Debug|Any CPU
		{51308001-1304-4615-9090-6A49F21ECEA1}.Debug|Any CPU.Build.0 = Debug|Any CPU
		{51308001-1304-4615-9090-6A49F21ECEA1}.Release|Any CPU.ActiveCfg = Release|Any CPU
		{51308001-1304-4615-9090-6A49F21ECEA1}.Release|Any CPU.Build.0 = Release|Any CPU
	EndGlobalSection
	GlobalSection(SolutionProperties) = preSolution
		HideSolutionNode = FALSE
	EndGlobalSection
	GlobalSection(ExtensibilityGlobals) = postSolution
		SolutionGuid = {005ECE5F-CB44-43FF-A8B2-9BD296C1DF06}
	EndGlobalSection
EndGlobal
